
Microsoft Visual Studio Solution File, Format Version 12.00
# Visual Studio Version 17
VisualStudioVersion = 17.5.33516.290
MinimumVisualStudioVersion = 10.0.40219.1
Project("{FAE04EC0-301F-11D3-BF4B-00C04F79EFBC}") = "prkt_14", "prkt_14\prkt_14.csproj", "{A815C0CA-CA46-4270-9596-39FB08B96290}"
EndProject
Global
	GlobalSection(SolutionConfigurationPlatforms) = preSolution
		Debug|Any CPU = Debug|Any CPU
		Release|Any CPU = Release|Any CPU
	EndGlobalSection
	GlobalSection(ProjectConfigurationPlatforms) = postSolution
		{A815C0CA-CA46-4270-9596-39FB08B96290}.Debug|Any CPU.ActiveCfg = Debug|Any CPU
		{A815C0CA-CA46-4270-9596-39FB08B96290}.Debug|Any CPU.Build.0 = Debug|Any CPU
		{A815C0CA-CA46-4270-9596-39FB08B96290}.Release|Any CPU.ActiveCfg = Release|Any CPU
		{A815C0CA-CA46-4270-9596-39FB08B96290}.Release|Any CPU.Build.0 = Release|Any CPU
	EndGlobalSection
	GlobalSection(SolutionProperties) = preSolution
		HideSolutionNode = FALSE
	EndGlobalSection
	GlobalSection(ExtensibilityGlobals) = postSolution
		SolutionGuid = {88AF47F8-7DDD-4CE5-8096-3D3A97AF64A6}
	EndGlobalSection
EndGlobal
